
Microsoft Visual Studio Solution File, Format Version 12.00
# Visual Studio Version 17
VisualStudioVersion = 17.9.34616.47
MinimumVisualStudioVersion = 10.0.40219.1
Project("{FAE04EC0-301F-11D3-BF4B-00C04F79EFBC}") = "ECommerceWebApiProject", "ECommerceWebApiProject.csproj", "{8BB384A6-9099-401F-9340-A0BE6B8C5B39}"
EndProject
Global
	GlobalSection(SolutionConfigurationPlatforms) = preSolution
		Debug|Any CPU = Debug|Any CPU
		Release|Any CPU = Release|Any CPU
	EndGlobalSection
	GlobalSection(ProjectConfigurationPlatforms) = postSolution
		{8BB384A6-9099-401F-9340-A0BE6B8C5B39}.Debug|Any CPU.ActiveCfg = Debug|Any CPU
		{8BB384A6-9099-401F-9340-A0BE6B8C5B39}.Debug|Any CPU.Build.0 = Debug|Any CPU
		{8BB384A6-9099-401F-9340-A0BE6B8C5B39}.Release|Any CPU.ActiveCfg = Release|Any CPU
		{8BB384A6-9099-401F-9340-A0BE6B8C5B39}.Release|Any CPU.Build.0 = Release|Any CPU
	EndGlobalSection
	GlobalSection(SolutionProperties) = preSolution
		HideSolutionNode = FALSE
	EndGlobalSection
	GlobalSection(ExtensibilityGlobals) = postSolution
		SolutionGuid = {57A6AA14-DDF4-4BDF-BA5E-E8024E0A830A}
	EndGlobalSection
EndGlobal
